
Microsoft Visual Studio Solution File, Format Version 12.00
# Visual Studio Version 17
VisualStudioVersion = 17.1.32407.343
MinimumVisualStudioVersion = 10.0.40219.1
Project("{FAE04EC0-301F-11D3-BF4B-00C04F79EFBC}") = "Day6-1", "Day6-1.csproj", "{75966C13-FC1F-4973-BECE-6B6C28E637DB}"
EndProject
Global
	GlobalSection(SolutionConfigurationPlatforms) = preSolution
		Debug|Any CPU = Debug|Any CPU
		Release|Any CPU = Release|Any CPU
	EndGlobalSection
	GlobalSection(ProjectConfigurationPlatforms) = postSolution
		{75966C13-FC1F-4973-BECE-6B6C28E637DB}.Debug|Any CPU.ActiveCfg = Debug|Any CPU
		{75966C13-FC1F-4973-BECE-6B6C28E637DB}.Debug|Any CPU.Build.0 = Debug|Any CPU
		{75966C13-FC1F-4973-BECE-6B6C28E637DB}.Release|Any CPU.ActiveCfg = Release|Any CPU
		{75966C13-FC1F-4973-BECE-6B6C28E637DB}.Release|Any CPU.Build.0 = Release|Any CPU
	EndGlobalSection
	GlobalSection(SolutionProperties) = preSolution
		HideSolutionNode = FALSE
	EndGlobalSection
	GlobalSection(ExtensibilityGlobals) = postSolution
		SolutionGuid = {93EE5DE9-C7DB-4F52-8B1B-C5FC7C485497}
	EndGlobalSection
EndGlobal
