
Microsoft Visual Studio Solution File, Format Version 12.00
# Visual Studio Version 17
VisualStudioVersion = 17.1.32407.343
MinimumVisualStudioVersion = 10.0.40219.1
Project("{FAE04EC0-301F-11D3-BF4B-00C04F79EFBC}") = "Day6-2", "Day6-2.csproj", "{FBA7E9CC-6EC4-4737-B20C-F3DAB8291033}"
EndProject
Global
	GlobalSection(SolutionConfigurationPlatforms) = preSolution
		Debug|Any CPU = Debug|Any CPU
		Release|Any CPU = Release|Any CPU
	EndGlobalSection
	GlobalSection(ProjectConfigurationPlatforms) = postSolution
		{FBA7E9CC-6EC4-4737-B20C-F3DAB8291033}.Debug|Any CPU.ActiveCfg = Debug|Any CPU
		{FBA7E9CC-6EC4-4737-B20C-F3DAB8291033}.Debug|Any CPU.Build.0 = Debug|Any CPU
		{FBA7E9CC-6EC4-4737-B20C-F3DAB8291033}.Release|Any CPU.ActiveCfg = Release|Any CPU
		{FBA7E9CC-6EC4-4737-B20C-F3DAB8291033}.Release|Any CPU.Build.0 = Release|Any CPU
	EndGlobalSection
	GlobalSection(SolutionProperties) = preSolution
		HideSolutionNode = FALSE
	EndGlobalSection
	GlobalSection(ExtensibilityGlobals) = postSolution
		SolutionGuid = {D131D272-C3A2-4574-A216-578B0691FCBA}
	EndGlobalSection
EndGlobal
